// !$*UTF8*$!
{
	archiveVersion = 1;
	classes = {
	};
	objectVersion = 50;
	objects = {

/* Begin PBXBuildFile section */
		354E1011255E77F500DF57A8 /* CardView.swift in Sources */ = {isa = PBXBuildFile; fileRef = 354E1010255E77F500DF57A8 /* CardView.swift */; };
		354E1015255E7D7700DF57A8 /* StartButton.swift in Sources */ = {isa = PBXBuildFile; fileRef = 354E1014255E7D7700DF57A8 /* StartButton.swift */; };
		354E1018255E828900DF57A8 /* OnBoardingView.swift in Sources */ = {isa = PBXBuildFile; fileRef = 354E1017255E828800DF57A8 /* OnBoardingView.swift */; };
		354E101D255E84EF00DF57A8 /* FruitModel.swift in Sources */ = {isa = PBXBuildFile; fileRef = 354E101C255E84EF00DF57A8 /* FruitModel.swift */; };
		354E1021255E85EF00DF57A8 /* FruitData.swift in Sources */ = {isa = PBXBuildFile; fileRef = 354E1020255E85EF00DF57A8 /* FruitData.swift */; };
		3573CC0E2563B7C200CC5106 /* SettingLabelView.swift in Sources */ = {isa = PBXBuildFile; fileRef = 3573CC0D2563B7C200CC5106 /* SettingLabelView.swift */; };
		35836C33255FB89900B91854 /* FruitRowView.swift in Sources */ = {isa = PBXBuildFile; fileRef = 35836C32255FB89900B91854 /* FruitRowView.swift */; };
		35836C36255FBCD600B91854 /* FruitDetailsView.swift in Sources */ = {isa = PBXBuildFile; fileRef = 35836C35255FBCD600B91854 /* FruitDetailsView.swift */; };
		35836C39255FC63900B91854 /* HeaderView.swift in Sources */ = {isa = PBXBuildFile; fileRef = 35836C38255FC63900B91854 /* HeaderView.swift */; };
		35836C3C255FC96D00B91854 /* SourceLinkView.swift in Sources */ = {isa = PBXBuildFile; fileRef = 35836C3B255FC96D00B91854 /* SourceLinkView.swift */; };
		359487482562B674006F4031 /* SettingSheet.swift in Sources */ = {isa = PBXBuildFile; fileRef = 359487472562B673006F4031 /* SettingSheet.swift */; };
		35A98526256175B100FE2E03 /* FruitNutrientsView.swift in Sources */ = {isa = PBXBuildFile; fileRef = 35A98525256175B100FE2E03 /* FruitNutrientsView.swift */; };
		35D8AA4D255E6FFF00036470 /* FructusApp.swift in Sources */ = {isa = PBXBuildFile; fileRef = 35D8AA4C255E6FFF00036470 /* FructusApp.swift */; };
		35D8AA4F255E6FFF00036470 /* ContentView.swift in Sources */ = {isa = PBXBuildFile; fileRef = 35D8AA4E255E6FFF00036470 /* ContentView.swift */; };
		35D8AA51255E700100036470 /* Assets.xcassets in Resources */ = {isa = PBXBuildFile; fileRef = 35D8AA50255E700100036470 /* Assets.xcassets */; };
		35D8AA54255E700100036470 /* Preview Assets.xcassets in Resources */ = {isa = PBXBuildFile; fileRef = 35D8AA53255E700100036470 /* Preview Assets.xcassets */; };
/* End PBXBuildFile section */

/* Begin PBXFileReference section */
		354E1010255E77F500DF57A8 /* CardView.swift */ = {isa = PBXFileReference; lastKnownFileType = sourcecode.swift; path = CardView.swift; sourceTree = "<group>"; };
		354E1014255E7D7700DF57A8 /* StartButton.swift */ = {isa = PBXFileReference; lastKnownFileType = sourcecode.swift; path = StartButton.swift; sourceTree = "<group>"; };
		354E1017255E828800DF57A8 /* OnBoardingView.swift */ = {isa = PBXFileReference; lastKnownFileType = sourcecode.swift; path = OnBoardingView.swift; sourceTree = "<group>"; };
		354E101C255E84EF00DF57A8 /* FruitModel.swift */ = {isa = PBXFileReference; lastKnownFileType = sourcecode.swift; path = FruitModel.swift; sourceTree = "<group>"; };
		354E1020255E85EF00DF57A8 /* FruitData.swift */ = {isa = PBXFileReference; lastKnownFileType = sourcecode.swift; path = FruitData.swift; sourceTree = "<group>"; };
		3573CC0D2563B7C200CC5106 /* SettingLabelView.swift */ = {isa = PBXFileReference; lastKnownFileType = sourcecode.swift; path = SettingLabelView.swift; sourceTree = "<group>"; };
		35836C32255FB89900B91854 /* FruitRowView.swift */ = {isa = PBXFileReference; lastKnownFileType = sourcecode.swift; path = FruitRowView.swift; sourceTree = "<group>"; };
		35836C35255FBCD600B91854 /* FruitDetailsView.swift */ = {isa = PBXFileReference; lastKnownFileType = sourcecode.swift; path = FruitDetailsView.swift; sourceTree = "<group>"; };
		35836C38255FC63900B91854 /* HeaderView.swift */ = {isa = PBXFileReference; lastKnownFileType = sourcecode.swift; path = HeaderView.swift; sourceTree = "<group>"; };
		35836C3B255FC96D00B91854 /* SourceLinkView.swift */ = {isa = PBXFileReference; lastKnownFileType = sourcecode.swift; path = SourceLinkView.swift; sourceTree = "<group>"; };
		359487472562B673006F4031 /* SettingSheet.swift */ = {isa = PBXFileReference; lastKnownFileType = sourcecode.swift; path = SettingSheet.swift; sourceTree = "<group>"; };
		35A98525256175B100FE2E03 /* FruitNutrientsView.swift */ = {isa = PBXFileReference; lastKnownFileType = sourcecode.swift; path = FruitNutrientsView.swift; sourceTree = "<group>"; };
		35D8AA49255E6FFF00036470 /* Fructus.app */ = {isa = PBXFileReference; explicitFileType = wrapper.application; includeInIndex = 0; path = Fructus.app; sourceTree = BUILT_PRODUCTS_DIR; };
		35D8AA4C255E6FFF00036470 /* FructusApp.swift */ = {isa = PBXFileReference; lastKnownFileType = sourcecode.swift; path = FructusApp.swift; sourceTree = "<group>"; };
		35D8AA4E255E6FFF00036470 /* ContentView.swift */ = {isa = PBXFileReference; lastKnownFileType = sourcecode.swift; path = ContentView.swift; sourceTree = "<group>"; };
		35D8AA50255E700100036470 /* Assets.xcassets */ = {isa = PBXFileReference; lastKnownFileType = folder.assetcatalog; path = Assets.xcassets; sourceTree = "<group>"; };
		35D8AA53255E700100036470 /* Preview Assets.xcassets */ = {isa = PBXFileReference; lastKnownFileType = folder.assetcatalog; path = "Preview Assets.xcassets"; sourceTree = "<group>"; };
		35D8AA55255E700100036470 /* Info.plist */ = {isa = PBXFileReference; lastKnownFileType = text.plist.xml; path = Info.plist; sourceTree = "<group>"; };
/* End PBXFileReference section */

/* Begin PBXFrameworksBuildPhase section */
		35D8AA46255E6FFF00036470 /* Frameworks */ = {
			isa = PBXFrameworksBuildPhase;
			buildActionMask = 2147483647;
			files = (
			);
			runOnlyForDeploymentPostprocessing = 0;
		};
/* End PBXFrameworksBuildPhase section */

/* Begin PBXGroup section */
		354E100B255E77DC00DF57A8 /* App */ = {
			isa = PBXGroup;
			children = (
				35D8AA4C255E6FFF00036470 /* FructusApp.swift */,
				35D8AA4E255E6FFF00036470 /* ContentView.swift */,
				354E1017255E828800DF57A8 /* OnBoardingView.swift */,
			);
			path = App;
			sourceTree = "<group>";
		};
		354E100E255E77EA00DF57A8 /* View */ = {
			isa = PBXGroup;
			children = (
				354E1010255E77F500DF57A8 /* CardView.swift */,
				354E1014255E7D7700DF57A8 /* StartButton.swift */,
				35836C32255FB89900B91854 /* FruitRowView.swift */,
				35836C35255FBCD600B91854 /* FruitDetailsView.swift */,
				35836C38255FC63900B91854 /* HeaderView.swift */,
				35836C3B255FC96D00B91854 /* SourceLinkView.swift */,
				35A98525256175B100FE2E03 /* FruitNutrientsView.swift */,
				359487472562B673006F4031 /* SettingSheet.swift */,
				3573CC0D2563B7C200CC5106 /* SettingLabelView.swift */,
			);
			path = View;
			sourceTree = "<group>";
		};
		354E101B255E84E300DF57A8 /* Model */ = {
			isa = PBXGroup;
			children = (
				354E101C255E84EF00DF57A8 /* FruitModel.swift */,
			);
			path = Model;
			sourceTree = "<group>";
		};
		354E101F255E85E100DF57A8 /* Data */ = {
			isa = PBXGroup;
			children = (
				354E1020255E85EF00DF57A8 /* FruitData.swift */,
			);
			path = Data;
			sourceTree = "<group>";
		};
		35D8AA40255E6FFF00036470 = {
			isa = PBXGroup;
			children = (
				35D8AA4B255E6FFF00036470 /* Fructus */,
				35D8AA4A255E6FFF00036470 /* Products */,
			);
			sourceTree = "<group>";
		};
		35D8AA4A255E6FFF00036470 /* Products */ = {
			isa = PBXGroup;
			children = (
				35D8AA49255E6FFF00036470 /* Fructus.app */,
			);
			name = Products;
			sourceTree = "<group>";
		};
		35D8AA4B255E6FFF00036470 /* Fructus */ = {
			isa = PBXGroup;
			children = (
				354E101F255E85E100DF57A8 /* Data */,
				354E101B255E84E300DF57A8 /* Model */,
				354E100E255E77EA00DF57A8 /* View */,
				354E100B255E77DC00DF57A8 /* App */,
				35D8AA50255E700100036470 /* Assets.xcassets */,
				35D8AA55255E700100036470 /* Info.plist */,
				35D8AA52255E700100036470 /* Preview Content */,
			);
			path = Fructus;
			sourceTree = "<group>";
		};
		35D8AA52255E700100036470 /* Preview Content */ = {
			isa = PBXGroup;
			children = (
				35D8AA53255E700100036470 /* Preview Assets.xcassets */,
			);
			path = "Preview Content";
			sourceTree = "<group>";
		};
/* End PBXGroup section */

/* Begin PBXNativeTarget section */
		35D8AA48255E6FFF00036470 /* Fructus */ = {
			isa = PBXNativeTarget;
			buildConfigurationList = 35D8AA58255E700100036470 /* Build configuration list for PBXNativeTarget "Fructus" */;
			buildPhases = (
				35D8AA45255E6FFF00036470 /* Sources */,
				35D8AA46255E6FFF00036470 /* Frameworks */,
				35D8AA47255E6FFF00036470 /* Resources */,
			);
			buildRules = (
			);
			dependencies = (
			);
			name = Fructus;
			productName = Fructus;
			productReference = 35D8AA49255E6FFF00036470 /* Fructus.app */;
			productType = "com.apple.product-type.application";
		};
/* End PBXNativeTarget section */

/* Begin PBXProject section */
		35D8AA41255E6FFF00036470 /* Project object */ = {
			isa = PBXProject;
			attributes = {
				LastSwiftUpdateCheck = 1210;
				LastUpgradeCheck = 1210;
				TargetAttributes = {
					35D8AA48255E6FFF00036470 = {
						CreatedOnToolsVersion = 12.1;
					};
				};
			};
			buildConfigurationList = 35D8AA44255E6FFF00036470 /* Build configuration list for PBXProject "Fructus" */;
			compatibilityVersion = "Xcode 9.3";
			developmentRegion = en;
			hasScannedForEncodings = 0;
			knownRegions = (
				en,
				Base,
			);
			mainGroup = 35D8AA40255E6FFF00036470;
			productRefGroup = 35D8AA4A255E6FFF00036470 /* Products */;
			projectDirPath = "";
			projectRoot = "";
			targets = (
				35D8AA48255E6FFF00036470 /* Fructus */,
			);
		};
/* End PBXProject section */

/* Begin PBXResourcesBuildPhase section */
		35D8AA47255E6FFF00036470 /* Resources */ = {
			isa = PBXResourcesBuildPhase;
			buildActionMask = 2147483647;
			files = (
				35D8AA54255E700100036470 /* Preview Assets.xcassets in Resources */,
				35D8AA51255E700100036470 /* Assets.xcassets in Resources */,
			);
			runOnlyForDeploymentPostprocessing = 0;
		};
/* End PBXResourcesBuildPhase section */

/* Begin PBXSourcesBuildPhase section */
		35D8AA45255E6FFF00036470 /* Sources */ = {
			isa = PBXSourcesBuildPhase;
			buildActionMask = 2147483647;
			files = (
				3573CC0E2563B7C200CC5106 /* SettingLabelView.swift in Sources */,
				354E1021255E85EF00DF57A8 /* FruitData.swift in Sources */,
				35836C3C255FC96D00B91854 /* SourceLinkView.swift in Sources */,
				35D8AA4F255E6FFF00036470 /* ContentView.swift in Sources */,
				35836C33255FB89900B91854 /* FruitRowView.swift in Sources */,
				35A98526256175B100FE2E03 /* FruitNutrientsView.swift in Sources */,
				354E1011255E77F500DF57A8 /* CardView.swift in Sources */,
				35836C36255FBCD600B91854 /* FruitDetailsView.swift in Sources */,
				35836C39255FC63900B91854 /* HeaderView.swift in Sources */,
				354E1015255E7D7700DF57A8 /* StartButton.swift in Sources */,
				354E1018255E828900DF57A8 /* OnBoardingView.swift in Sources */,
				359487482562B674006F4031 /* SettingSheet.swift in Sources */,
				354E101D255E84EF00DF57A8 /* FruitModel.swift in Sources */,
				35D8AA4D255E6FFF00036470 /* FructusApp.swift in Sources */,
			);
			runOnlyForDeploymentPostprocessing = 0;
		};
/* End PBXSourcesBuildPhase section */

/* Begin XCBuildConfiguration section */
		35D8AA56255E700100036470 /* Debug */ = {
			isa = XCBuildConfiguration;
			buildSettings = {
				ALWAYS_SEARCH_USER_PATHS = NO;
				CLANG_ANALYZER_NONNULL = YES;
				CLANG_ANALYZER_NUMBER_OBJECT_CONVERSION = YES_AGGRESSIVE;
				CLANG_CXX_LANGUAGE_STANDARD = "gnu++14";
				CLANG_CXX_LIBRARY = "libc++";
				CLANG_ENABLE_MODULES = YES;
				CLANG_ENABLE_OBJC_ARC = YES;
				CLANG_ENABLE_OBJC_WEAK = YES;
				CLANG_WARN_BLOCK_CAPTURE_AUTORELEASING = YES;
				CLANG_WARN_BOOL_CONVERSION = YES;
				CLANG_WARN_COMMA = YES;
				CLANG_WARN_CONSTANT_CONVERSION = YES;
				CLANG_WARN_DEPRECATED_OBJC_IMPLEMENTATIONS = YES;
				CLANG_WARN_DIRECT_OBJC_ISA_USAGE = YES_ERROR;
				CLANG_WARN_DOCUMENTATION_COMMENTS = YES;
				CLANG_WARN_EMPTY_BODY = YES;
				CLANG_WARN_ENUM_CONVERSION = YES;
				CLANG_WARN_INFINITE_RECURSION = YES;
				CLANG_WARN_INT_CONVERSION = YES;
				CLANG_WARN_NON_LITERAL_NULL_CONVERSION = YES;
				CLANG_WARN_OBJC_IMPLICIT_RETAIN_SELF = YES;
				CLANG_WARN_OBJC_LITERAL_CONVERSION = YES;
				CLANG_WARN_OBJC_ROOT_CLASS = YES_ERROR;
				CLANG_WARN_QUOTED_INCLUDE_IN_FRAMEWORK_HEADER = YES;
				CLANG_WARN_RANGE_LOOP_ANALYSIS = YES;
				CLANG_WARN_STRICT_PROTOTYPES = YES;
				CLANG_WARN_SUSPICIOUS_MOVE = YES;
				CLANG_WARN_UNGUARDED_AVAILABILITY = YES_AGGRESSIVE;
				CLANG_WARN_UNREACHABLE_CODE = YES;
				CLANG_WARN__DUPLICATE_METHOD_MATCH = YES;
				COPY_PHASE_STRIP = NO;
				DEBUG_INFORMATION_FORMAT = dwarf;
				ENABLE_STRICT_OBJC_MSGSEND = YES;
				ENABLE_TESTABILITY = YES;
				GCC_C_LANGUAGE_STANDARD = gnu11;
				GCC_DYNAMIC_NO_PIC = NO;
				GCC_NO_COMMON_BLOCKS = YES;
				GCC_OPTIMIZATION_LEVEL = 0;
				GCC_PREPROCESSOR_DEFINITIONS = (
					"DEBUG=1",
					"$(inherited)",
				);
				GCC_WARN_64_TO_32_BIT_CONVERSION = YES;
				GCC_WARN_ABOUT_RETURN_TYPE = YES_ERROR;
				GCC_WARN_UNDECLARED_SELECTOR = YES;
				GCC_WARN_UNINITIALIZED_AUTOS = YES_AGGRESSIVE;
				GCC_WARN_UNUSED_FUNCTION = YES;
				GCC_WARN_UNUSED_VARIABLE = YES;
				IPHONEOS_DEPLOYMENT_TARGET = 14.1;
				MTL_ENABLE_DEBUG_INFO = INCLUDE_SOURCE;
				MTL_FAST_MATH = YES;
				ONLY_ACTIVE_ARCH = YES;
				SDKROOT = iphoneos;
				SWIFT_ACTIVE_COMPILATION_CONDITIONS = DEBUG;
				SWIFT_OPTIMIZATION_LEVEL = "-Onone";
			};
			name = Debug;
		};
		35D8AA57255E700100036470 /* Release */ = {
			isa = XCBuildConfiguration;
			buildSettings = {
				ALWAYS_SEARCH_USER_PATHS = NO;
				CLANG_ANALYZER_NONNULL = YES;
				CLANG_ANALYZER_NUMBER_OBJECT_CONVERSION = YES_AGGRESSIVE;
				CLANG_CXX_LANGUAGE_STANDARD = "gnu++14";
				CLANG_CXX_LIBRARY = "libc++";
				CLANG_ENABLE_MODULES = YES;
				CLANG_ENABLE_OBJC_ARC = YES;
				CLANG_ENABLE_OBJC_WEAK = YES;
				CLANG_WARN_BLOCK_CAPTURE_AUTORELEASING = YES;
				CLANG_WARN_BOOL_CONVERSION = YES;
				CLANG_WARN_COMMA = YES;
				CLANG_WARN_CONSTANT_CONVERSION = YES;
				CLANG_WARN_DEPRECATED_OBJC_IMPLEMENTATIONS = YES;
				CLANG_WARN_DIRECT_OBJC_ISA_USAGE = YES_ERROR;
				CLANG_WARN_DOCUMENTATION_COMMENTS = YES;
				CLANG_WARN_EMPTY_BODY = YES;
				CLANG_WARN_ENUM_CONVERSION = YES;
				CLANG_WARN_INFINITE_RECURSION = YES;
				CLANG_WARN_INT_CONVERSION = YES;
				CLANG_WARN_NON_LITERAL_NULL_CONVERSION = YES;
				CLANG_WARN_OBJC_IMPLICIT_RETAIN_SELF = YES;
				CLANG_WARN_OBJC_LITERAL_CONVERSION = YES;
				CLANG_WARN_OBJC_ROOT_CLASS = YES_ERROR;
				CLANG_WARN_QUOTED_INCLUDE_IN_FRAMEWORK_HEADER = YES;
				CLANG_WARN_RANGE_LOOP_ANALYSIS = YES;
				CLANG_WARN_STRICT_PROTOTYPES = YES;
				CLANG_WARN_SUSPICIOUS_MOVE = YES;
				CLANG_WARN_UNGUARDED_AVAILABILITY = YES_AGGRESSIVE;
				CLANG_WARN_UNREACHABLE_CODE = YES;
				CLANG_WARN__DUPLICATE_METHOD_MATCH = YES;
				COPY_PHASE_STRIP = NO;
				DEBUG_INFORMATION_FORMAT = "dwarf-with-dsym";
				ENABLE_NS_ASSERTIONS = NO;
				ENABLE_STRICT_OBJC_MSGSEND = YES;
				GCC_C_LANGUAGE_STANDARD = gnu11;
				GCC_NO_COMMON_BLOCKS = YES;
				GCC_WARN_64_TO_32_BIT_CONVERSION = YES;
				GCC_WARN_ABOUT_RETURN_TYPE = YES_ERROR;
				GCC_WARN_UNDECLARED_SELECTOR = YES;
				GCC_WARN_UNINITIALIZED_AUTOS = YES_AGGRESSIVE;
				GCC_WARN_UNUSED_FUNCTION = YES;
				GCC_WARN_UNUSED_VARIABLE = YES;
				IPHONEOS_DEPLOYMENT_TARGET = 14.1;
				MTL_ENABLE_DEBUG_INFO = NO;
				MTL_FAST_MATH = YES;
				SDKROOT = iphoneos;
				SWIFT_COMPILATION_MODE = wholemodule;
				SWIFT_OPTIMIZATION_LEVEL = "-O";
				VALIDATE_PRODUCT = YES;
			};
			name = Release;
		};
		35D8AA59255E700100036470 /* Debug */ = {
			isa = XCBuildConfiguration;
			buildSettings = {
				ASSETCATALOG_COMPILER_APPICON_NAME = AppIcon;
				ASSETCATALOG_COMPILER_GLOBAL_ACCENT_COLOR_NAME = AccentColor;
				CODE_SIGN_STYLE = Automatic;
				DEVELOPMENT_ASSET_PATHS = "\"Fructus/Preview Content\"";
				DEVELOPMENT_TEAM = 3P96VF2954;
				ENABLE_PREVIEWS = YES;
				INFOPLIST_FILE = Fructus/Info.plist;
				IPHONEOS_DEPLOYMENT_TARGET = 14.0;
				LD_RUNPATH_SEARCH_PATHS = (
					"$(inherited)",
					"@executable_path/Frameworks",
				);
				PRODUCT_BUNDLE_IDENTIFIER = com.vatanachhorn.Fructus;
				PRODUCT_NAME = "$(TARGET_NAME)";
				SWIFT_VERSION = 5.0;
				TARGETED_DEVICE_FAMILY = "1,2";
			};
			name = Debug;
		};
		35D8AA5A255E700100036470 /* Release */ = {
			isa = XCBuildConfiguration;
			buildSettings = {
				ASSETCATALOG_COMPILER_APPICON_NAME = AppIcon;
				ASSETCATALOG_COMPILER_GLOBAL_ACCENT_COLOR_NAME = AccentColor;
				CODE_SIGN_STYLE = Automatic;
				DEVELOPMENT_ASSET_PATHS = "\"Fructus/Preview Content\"";
				DEVELOPMENT_TEAM = 3P96VF2954;
				ENABLE_PREVIEWS = YES;
				INFOPLIST_FILE = Fructus/Info.plist;
				IPHONEOS_DEPLOYMENT_TARGET = 14.0;
				LD_RUNPATH_SEARCH_PATHS = (
					"$(inherited)",
					"@executable_path/Frameworks",
				);
				PRODUCT_BUNDLE_IDENTIFIER = com.vatanachhorn.Fructus;
				PRODUCT_NAME = "$(TARGET_NAME)";
				SWIFT_VERSION = 5.0;
				TARGETED_DEVICE_FAMILY = "1,2";
			};
			name = Release;
		};
/* End XCBuildConfiguration section */

/* Begin XCConfigurationList section */
		35D8AA44255E6FFF00036470 /* Build configuration list for PBXProject "Fructus" */ = {
			isa = XCConfigurationList;
			buildConfigurations = (
				35D8AA56255E700100036470 /* Debug */,
				35D8AA57255E700100036470 /* Release */,
			);
			defaultConfigurationIsVisible = 0;
			defaultConfigurationName = Release;
		};
		35D8AA58255E700100036470 /* Build configuration list for PBXNativeTarget "Fructus" */ = {
			isa = XCConfigurationList;
			buildConfigurations = (
				35D8AA59255E700100036470 /* Debug */,
				35D8AA5A255E700100036470 /* Release */,
			);
			defaultConfigurationIsVisible = 0;
			defaultConfigurationName = Release;
		};
/* End XCConfigurationList section */
	};
	rootObject = 35D8AA41255E6FFF00036470 /* Project object */;
}
